
Microsoft Visual Studio Solution File, Format Version 12.00
# Visual Studio Version 17
VisualStudioVersion = 17.11.35327.3
MinimumVisualStudioVersion = 10.0.40219.1
Project("{FAE04EC0-301F-11D3-BF4B-00C04F79EFBC}") = "PrySalvarezza_IEFI", "prySalvarezza_IEFI\PrySalvarezza_IEFI.csproj", "{CEC7AA8F-DBE8-48F7-AA90-87DC645D8417}"
EndProject
Global
	GlobalSection(SolutionConfigurationPlatforms) = preSolution
		Debug|Any CPU = Debug|Any CPU
		Release|Any CPU = Release|Any CPU
	EndGlobalSection
	GlobalSection(ProjectConfigurationPlatforms) = postSolution
		{CEC7AA8F-DBE8-48F7-AA90-87DC645D8417}.Debug|Any CPU.ActiveCfg = Debug|Any CPU
		{CEC7AA8F-DBE8-48F7-AA90-87DC645D8417}.Debug|Any CPU.Build.0 = Debug|Any CPU
		{CEC7AA8F-DBE8-48F7-AA90-87DC645D8417}.Release|Any CPU.ActiveCfg = Release|Any CPU
		{CEC7AA8F-DBE8-48F7-AA90-87DC645D8417}.Release|Any CPU.Build.0 = Release|Any CPU
	EndGlobalSection
	GlobalSection(SolutionProperties) = preSolution
		HideSolutionNode = FALSE
	EndGlobalSection
	GlobalSection(ExtensibilityGlobals) = postSolution
		SolutionGuid = {BF267617-8653-49FA-8158-0C29385EFFB4}
	EndGlobalSection
EndGlobal
